// !$*UTF8*$!
{
	archiveVersion = 1;
	classes = {
	};
	objectVersion = 56;
	objects = {

/* Begin PBXBuildFile section */
		3E4728912B05DC5D009D7E0D /* quran_appApp.swift in Sources */ = {isa = PBXBuildFile; fileRef = 3E4728902B05DC5D009D7E0D /* quran_appApp.swift */; };
		3E4728932B05DC5D009D7E0D /* ContentView.swift in Sources */ = {isa = PBXBuildFile; fileRef = 3E4728922B05DC5D009D7E0D /* ContentView.swift */; };
		3E4728952B05DC5E009D7E0D /* Assets.xcassets in Resources */ = {isa = PBXBuildFile; fileRef = 3E4728942B05DC5E009D7E0D /* Assets.xcassets */; };
		3E4728982B05DC5E009D7E0D /* Preview Assets.xcassets in Resources */ = {isa = PBXBuildFile; fileRef = 3E4728972B05DC5E009D7E0D /* Preview Assets.xcassets */; };
		3E4728A02B05DCFF009D7E0D /* SplashScreenView.swift in Sources */ = {isa = PBXBuildFile; fileRef = 3E47289F2B05DCFF009D7E0D /* SplashScreenView.swift */; };
		3E4728A42B05E267009D7E0D /* CustomColor.swift in Sources */ = {isa = PBXBuildFile; fileRef = 3E4728A32B05E267009D7E0D /* CustomColor.swift */; };
		3E4728A62B05EB5B009D7E0D /* HomeView.swift in Sources */ = {isa = PBXBuildFile; fileRef = 3E4728A52B05EB5B009D7E0D /* HomeView.swift */; };
		3E4728A92B05F50E009D7E0D /* SurahComponent.swift in Sources */ = {isa = PBXBuildFile; fileRef = 3E4728A82B05F50E009D7E0D /* SurahComponent.swift */; };
		3E4728AB2B05FBC6009D7E0D /* DetailSurahView.swift in Sources */ = {isa = PBXBuildFile; fileRef = 3E4728AA2B05FBC6009D7E0D /* DetailSurahView.swift */; };
		3E4728AD2B05FD1A009D7E0D /* SurahBanner.swift in Sources */ = {isa = PBXBuildFile; fileRef = 3E4728AC2B05FD1A009D7E0D /* SurahBanner.swift */; };
		3E4728B02B06031D009D7E0D /* SurahModel.swift in Sources */ = {isa = PBXBuildFile; fileRef = 3E4728AF2B06031D009D7E0D /* SurahModel.swift */; };
/* End PBXBuildFile section */

/* Begin PBXFileReference section */
		3E47288D2B05DC5D009D7E0D /* quran-app.app */ = {isa = PBXFileReference; explicitFileType = wrapper.application; includeInIndex = 0; path = "quran-app.app"; sourceTree = BUILT_PRODUCTS_DIR; };
		3E4728902B05DC5D009D7E0D /* quran_appApp.swift */ = {isa = PBXFileReference; lastKnownFileType = sourcecode.swift; path = quran_appApp.swift; sourceTree = "<group>"; };
		3E4728922B05DC5D009D7E0D /* ContentView.swift */ = {isa = PBXFileReference; lastKnownFileType = sourcecode.swift; path = ContentView.swift; sourceTree = "<group>"; };
		3E4728942B05DC5E009D7E0D /* Assets.xcassets */ = {isa = PBXFileReference; lastKnownFileType = folder.assetcatalog; path = Assets.xcassets; sourceTree = "<group>"; };
		3E4728972B05DC5E009D7E0D /* Preview Assets.xcassets */ = {isa = PBXFileReference; lastKnownFileType = folder.assetcatalog; path = "Preview Assets.xcassets"; sourceTree = "<group>"; };
		3E47289F2B05DCFF009D7E0D /* SplashScreenView.swift */ = {isa = PBXFileReference; lastKnownFileType = sourcecode.swift; path = SplashScreenView.swift; sourceTree = "<group>"; };
		3E4728A32B05E267009D7E0D /* CustomColor.swift */ = {isa = PBXFileReference; lastKnownFileType = sourcecode.swift; path = CustomColor.swift; sourceTree = "<group>"; };
		3E4728A52B05EB5B009D7E0D /* HomeView.swift */ = {isa = PBXFileReference; lastKnownFileType = sourcecode.swift; path = HomeView.swift; sourceTree = "<group>"; };
		3E4728A82B05F50E009D7E0D /* SurahComponent.swift */ = {isa = PBXFileReference; lastKnownFileType = sourcecode.swift; path = SurahComponent.swift; sourceTree = "<group>"; };
		3E4728AA2B05FBC6009D7E0D /* DetailSurahView.swift */ = {isa = PBXFileReference; lastKnownFileType = sourcecode.swift; path = DetailSurahView.swift; sourceTree = "<group>"; };
		3E4728AC2B05FD1A009D7E0D /* SurahBanner.swift */ = {isa = PBXFileReference; lastKnownFileType = sourcecode.swift; path = SurahBanner.swift; sourceTree = "<group>"; };
		3E4728AF2B06031D009D7E0D /* SurahModel.swift */ = {isa = PBXFileReference; lastKnownFileType = sourcecode.swift; path = SurahModel.swift; sourceTree = "<group>"; };
/* End PBXFileReference section */

/* Begin PBXFrameworksBuildPhase section */
		3E47288A2B05DC5D009D7E0D /* Frameworks */ = {
			isa = PBXFrameworksBuildPhase;
			buildActionMask = 2147483647;
			files = (
			);
			runOnlyForDeploymentPostprocessing = 0;
		};
/* End PBXFrameworksBuildPhase section */

/* Begin PBXGroup section */
		3E4728842B05DC5D009D7E0D = {
			isa = PBXGroup;
			children = (
				3E47288F2B05DC5D009D7E0D /* quran-app */,
				3E47288E2B05DC5D009D7E0D /* Products */,
			);
			sourceTree = "<group>";
		};
		3E47288E2B05DC5D009D7E0D /* Products */ = {
			isa = PBXGroup;
			children = (
				3E47288D2B05DC5D009D7E0D /* quran-app.app */,
			);
			name = Products;
			sourceTree = "<group>";
		};
		3E47288F2B05DC5D009D7E0D /* quran-app */ = {
			isa = PBXGroup;
			children = (
				3E4728AE2B060301009D7E0D /* Model */,
				3E4728A72B05F4F6009D7E0D /* Components */,
				3E4728A12B05E250009D7E0D /* Utils */,
				3E47289E2B05DCE4009D7E0D /* View */,
				3E4728902B05DC5D009D7E0D /* quran_appApp.swift */,
				3E4728922B05DC5D009D7E0D /* ContentView.swift */,
				3E4728942B05DC5E009D7E0D /* Assets.xcassets */,
				3E4728962B05DC5E009D7E0D /* Preview Content */,
			);
			path = "quran-app";
			sourceTree = "<group>";
		};
		3E4728962B05DC5E009D7E0D /* Preview Content */ = {
			isa = PBXGroup;
			children = (
				3E4728972B05DC5E009D7E0D /* Preview Assets.xcassets */,
			);
			path = "Preview Content";
			sourceTree = "<group>";
		};
		3E47289E2B05DCE4009D7E0D /* View */ = {
			isa = PBXGroup;
			children = (
				3E47289F2B05DCFF009D7E0D /* SplashScreenView.swift */,
				3E4728A52B05EB5B009D7E0D /* HomeView.swift */,
				3E4728AA2B05FBC6009D7E0D /* DetailSurahView.swift */,
			);
			path = View;
			sourceTree = "<group>";
		};
		3E4728A12B05E250009D7E0D /* Utils */ = {
			isa = PBXGroup;
			children = (
				3E4728A32B05E267009D7E0D /* CustomColor.swift */,
			);
			path = Utils;
			sourceTree = "<group>";
		};
		3E4728A72B05F4F6009D7E0D /* Components */ = {
			isa = PBXGroup;
			children = (
				3E4728A82B05F50E009D7E0D /* SurahComponent.swift */,
				3E4728AC2B05FD1A009D7E0D /* SurahBanner.swift */,
			);
			path = Components;
			sourceTree = "<group>";
		};
		3E4728AE2B060301009D7E0D /* Model */ = {
			isa = PBXGroup;
			children = (
				3E4728AF2B06031D009D7E0D /* SurahModel.swift */,
			);
			path = Model;
			sourceTree = "<group>";
		};
/* End PBXGroup section */

/* Begin PBXNativeTarget section */
		3E47288C2B05DC5D009D7E0D /* quran-app */ = {
			isa = PBXNativeTarget;
			buildConfigurationList = 3E47289B2B05DC5E009D7E0D /* Build configuration list for PBXNativeTarget "quran-app" */;
			buildPhases = (
				3E4728892B05DC5D009D7E0D /* Sources */,
				3E47288A2B05DC5D009D7E0D /* Frameworks */,
				3E47288B2B05DC5D009D7E0D /* Resources */,
			);
			buildRules = (
			);
			dependencies = (
			);
			name = "quran-app";
			productName = "quran-app";
			productReference = 3E47288D2B05DC5D009D7E0D /* quran-app.app */;
			productType = "com.apple.product-type.application";
		};
/* End PBXNativeTarget section */

/* Begin PBXProject section */
		3E4728852B05DC5D009D7E0D /* Project object */ = {
			isa = PBXProject;
			attributes = {
				BuildIndependentTargetsInParallel = 1;
				LastSwiftUpdateCheck = 1430;
				LastUpgradeCheck = 1430;
				TargetAttributes = {
					3E47288C2B05DC5D009D7E0D = {
						CreatedOnToolsVersion = 14.3;
					};
				};
			};
			buildConfigurationList = 3E4728882B05DC5D009D7E0D /* Build configuration list for PBXProject "quran-app" */;
			compatibilityVersion = "Xcode 14.0";
			developmentRegion = en;
			hasScannedForEncodings = 0;
			knownRegions = (
				en,
				Base,
			);
			mainGroup = 3E4728842B05DC5D009D7E0D;
			productRefGroup = 3E47288E2B05DC5D009D7E0D /* Products */;
			projectDirPath = "";
			projectRoot = "";
			targets = (
				3E47288C2B05DC5D009D7E0D /* quran-app */,
			);
		};
/* End PBXProject section */

/* Begin PBXResourcesBuildPhase section */
		3E47288B2B05DC5D009D7E0D /* Resources */ = {
			isa = PBXResourcesBuildPhase;
			buildActionMask = 2147483647;
			files = (
				3E4728982B05DC5E009D7E0D /* Preview Assets.xcassets in Resources */,
				3E4728952B05DC5E009D7E0D /* Assets.xcassets in Resources */,
			);
			runOnlyForDeploymentPostprocessing = 0;
		};
/* End PBXResourcesBuildPhase section */

/* Begin PBXSourcesBuildPhase section */
		3E4728892B05DC5D009D7E0D /* Sources */ = {
			isa = PBXSourcesBuildPhase;
			buildActionMask = 2147483647;
			files = (
				3E4728932B05DC5D009D7E0D /* ContentView.swift in Sources */,
				3E4728912B05DC5D009D7E0D /* quran_appApp.swift in Sources */,
				3E4728A42B05E267009D7E0D /* CustomColor.swift in Sources */,
				3E4728A62B05EB5B009D7E0D /* HomeView.swift in Sources */,
				3E4728AB2B05FBC6009D7E0D /* DetailSurahView.swift in Sources */,
				3E4728AD2B05FD1A009D7E0D /* SurahBanner.swift in Sources */,
				3E4728A02B05DCFF009D7E0D /* SplashScreenView.swift in Sources */,
				3E4728B02B06031D009D7E0D /* SurahModel.swift in Sources */,
				3E4728A92B05F50E009D7E0D /* SurahComponent.swift in Sources */,
			);
			runOnlyForDeploymentPostprocessing = 0;
		};
/* End PBXSourcesBuildPhase section */

/* Begin XCBuildConfiguration section */
		3E4728992B05DC5E009D7E0D /* Debug */ = {
			isa = XCBuildConfiguration;
			buildSettings = {
				ALWAYS_SEARCH_USER_PATHS = NO;
				CLANG_ANALYZER_NONNULL = YES;
				CLANG_ANALYZER_NUMBER_OBJECT_CONVERSION = YES_AGGRESSIVE;
				CLANG_CXX_LANGUAGE_STANDARD = "gnu++20";
				CLANG_ENABLE_MODULES = YES;
				CLANG_ENABLE_OBJC_ARC = YES;
				CLANG_ENABLE_OBJC_WEAK = YES;
				CLANG_WARN_BLOCK_CAPTURE_AUTORELEASING = YES;
				CLANG_WARN_BOOL_CONVERSION = YES;
				CLANG_WARN_COMMA = YES;
				CLANG_WARN_CONSTANT_CONVERSION = YES;
				CLANG_WARN_DEPRECATED_OBJC_IMPLEMENTATIONS = YES;
				CLANG_WARN_DIRECT_OBJC_ISA_USAGE = YES_ERROR;
				CLANG_WARN_DOCUMENTATION_COMMENTS = YES;
				CLANG_WARN_EMPTY_BODY = YES;
				CLANG_WARN_ENUM_CONVERSION = YES;
				CLANG_WARN_INFINITE_RECURSION = YES;
				CLANG_WARN_INT_CONVERSION = YES;
				CLANG_WARN_NON_LITERAL_NULL_CONVERSION = YES;
				CLANG_WARN_OBJC_IMPLICIT_RETAIN_SELF = YES;
				CLANG_WARN_OBJC_LITERAL_CONVERSION = YES;
				CLANG_WARN_OBJC_ROOT_CLASS = YES_ERROR;
				CLANG_WARN_QUOTED_INCLUDE_IN_FRAMEWORK_HEADER = YES;
				CLANG_WARN_RANGE_LOOP_ANALYSIS = YES;
				CLANG_WARN_STRICT_PROTOTYPES = YES;
				CLANG_WARN_SUSPICIOUS_MOVE = YES;
				CLANG_WARN_UNGUARDED_AVAILABILITY = YES_AGGRESSIVE;
				CLANG_WARN_UNREACHABLE_CODE = YES;
				CLANG_WARN__DUPLICATE_METHOD_MATCH = YES;
				COPY_PHASE_STRIP = NO;
				DEBUG_INFORMATION_FORMAT = dwarf;
				ENABLE_STRICT_OBJC_MSGSEND = YES;
				ENABLE_TESTABILITY = YES;
				GCC_C_LANGUAGE_STANDARD = gnu11;
				GCC_DYNAMIC_NO_PIC = NO;
				GCC_NO_COMMON_BLOCKS = YES;
				GCC_OPTIMIZATION_LEVEL = 0;
				GCC_PREPROCESSOR_DEFINITIONS = (
					"DEBUG=1",
					"$(inherited)",
				);
				GCC_WARN_64_TO_32_BIT_CONVERSION = YES;
				GCC_WARN_ABOUT_RETURN_TYPE = YES_ERROR;
				GCC_WARN_UNDECLARED_SELECTOR = YES;
				GCC_WARN_UNINITIALIZED_AUTOS = YES_AGGRESSIVE;
				GCC_WARN_UNUSED_FUNCTION = YES;
				GCC_WARN_UNUSED_VARIABLE = YES;
				IPHONEOS_DEPLOYMENT_TARGET = 16.4;
				MTL_ENABLE_DEBUG_INFO = INCLUDE_SOURCE;
				MTL_FAST_MATH = YES;
				ONLY_ACTIVE_ARCH = YES;
				SDKROOT = iphoneos;
				SWIFT_ACTIVE_COMPILATION_CONDITIONS = DEBUG;
				SWIFT_OPTIMIZATION_LEVEL = "-Onone";
			};
			name = Debug;
		};
		3E47289A2B05DC5E009D7E0D /* Release */ = {
			isa = XCBuildConfiguration;
			buildSettings = {
				ALWAYS_SEARCH_USER_PATHS = NO;
				CLANG_ANALYZER_NONNULL = YES;
				CLANG_ANALYZER_NUMBER_OBJECT_CONVERSION = YES_AGGRESSIVE;
				CLANG_CXX_LANGUAGE_STANDARD = "gnu++20";
				CLANG_ENABLE_MODULES = YES;
				CLANG_ENABLE_OBJC_ARC = YES;
				CLANG_ENABLE_OBJC_WEAK = YES;
				CLANG_WARN_BLOCK_CAPTURE_AUTORELEASING = YES;
				CLANG_WARN_BOOL_CONVERSION = YES;
				CLANG_WARN_COMMA = YES;
				CLANG_WARN_CONSTANT_CONVERSION = YES;
				CLANG_WARN_DEPRECATED_OBJC_IMPLEMENTATIONS = YES;
				CLANG_WARN_DIRECT_OBJC_ISA_USAGE = YES_ERROR;
				CLANG_WARN_DOCUMENTATION_COMMENTS = YES;
				CLANG_WARN_EMPTY_BODY = YES;
				CLANG_WARN_ENUM_CONVERSION = YES;
				CLANG_WARN_INFINITE_RECURSION = YES;
				CLANG_WARN_INT_CONVERSION = YES;
				CLANG_WARN_NON_LITERAL_NULL_CONVERSION = YES;
				CLANG_WARN_OBJC_IMPLICIT_RETAIN_SELF = YES;
				CLANG_WARN_OBJC_LITERAL_CONVERSION = YES;
				CLANG_WARN_OBJC_ROOT_CLASS = YES_ERROR;
				CLANG_WARN_QUOTED_INCLUDE_IN_FRAMEWORK_HEADER = YES;
				CLANG_WARN_RANGE_LOOP_ANALYSIS = YES;
				CLANG_WARN_STRICT_PROTOTYPES = YES;
				CLANG_WARN_SUSPICIOUS_MOVE = YES;
				CLANG_WARN_UNGUARDED_AVAILABILITY = YES_AGGRESSIVE;
				CLANG_WARN_UNREACHABLE_CODE = YES;
				CLANG_WARN__DUPLICATE_METHOD_MATCH = YES;
				COPY_PHASE_STRIP = NO;
				DEBUG_INFORMATION_FORMAT = "dwarf-with-dsym";
				ENABLE_NS_ASSERTIONS = NO;
				ENABLE_STRICT_OBJC_MSGSEND = YES;
				GCC_C_LANGUAGE_STANDARD = gnu11;
				GCC_NO_COMMON_BLOCKS = YES;
				GCC_WARN_64_TO_32_BIT_CONVERSION = YES;
				GCC_WARN_ABOUT_RETURN_TYPE = YES_ERROR;
				GCC_WARN_UNDECLARED_SELECTOR = YES;
				GCC_WARN_UNINITIALIZED_AUTOS = YES_AGGRESSIVE;
				GCC_WARN_UNUSED_FUNCTION = YES;
				GCC_WARN_UNUSED_VARIABLE = YES;
				IPHONEOS_DEPLOYMENT_TARGET = 16.4;
				MTL_ENABLE_DEBUG_INFO = NO;
				MTL_FAST_MATH = YES;
				SDKROOT = iphoneos;
				SWIFT_COMPILATION_MODE = wholemodule;
				SWIFT_OPTIMIZATION_LEVEL = "-O";
				VALIDATE_PRODUCT = YES;
			};
			name = Release;
		};
		3E47289C2B05DC5E009D7E0D /* Debug */ = {
			isa = XCBuildConfiguration;
			buildSettings = {
				ASSETCATALOG_COMPILER_APPICON_NAME = AppIcon;
				ASSETCATALOG_COMPILER_GLOBAL_ACCENT_COLOR_NAME = AccentColor;
				CODE_SIGN_STYLE = Automatic;
				CURRENT_PROJECT_VERSION = 1;
				DEVELOPMENT_ASSET_PATHS = "\"quran-app/Preview Content\"";
				DEVELOPMENT_TEAM = KM6L8N2UZF;
				ENABLE_PREVIEWS = YES;
				GENERATE_INFOPLIST_FILE = YES;
				INFOPLIST_KEY_UIApplicationSceneManifest_Generation = YES;
				INFOPLIST_KEY_UIApplicationSupportsIndirectInputEvents = YES;
				INFOPLIST_KEY_UILaunchScreen_Generation = YES;
				INFOPLIST_KEY_UISupportedInterfaceOrientations_iPad = "UIInterfaceOrientationPortrait UIInterfaceOrientationPortraitUpsideDown UIInterfaceOrientationLandscapeLeft UIInterfaceOrientationLandscapeRight";
				INFOPLIST_KEY_UISupportedInterfaceOrientations_iPhone = "UIInterfaceOrientationPortrait UIInterfaceOrientationLandscapeLeft UIInterfaceOrientationLandscapeRight";
				LD_RUNPATH_SEARCH_PATHS = (
					"$(inherited)",
					"@executable_path/Frameworks",
				);
				MARKETING_VERSION = 1.0;
				PRODUCT_BUNDLE_IDENTIFIER = "example.com.quran-app";
				PRODUCT_NAME = "$(TARGET_NAME)";
				SWIFT_EMIT_LOC_STRINGS = YES;
				SWIFT_VERSION = 5.0;
				TARGETED_DEVICE_FAMILY = "1,2";
			};
			name = Debug;
		};
		3E47289D2B05DC5E009D7E0D /* Release */ = {
			isa = XCBuildConfiguration;
			buildSettings = {
				ASSETCATALOG_COMPILER_APPICON_NAME = AppIcon;
				ASSETCATALOG_COMPILER_GLOBAL_ACCENT_COLOR_NAME = AccentColor;
				CODE_SIGN_STYLE = Automatic;
				CURRENT_PROJECT_VERSION = 1;
				DEVELOPMENT_ASSET_PATHS = "\"quran-app/Preview Content\"";
				DEVELOPMENT_TEAM = KM6L8N2UZF;
				ENABLE_PREVIEWS = YES;
				GENERATE_INFOPLIST_FILE = YES;
				INFOPLIST_KEY_UIApplicationSceneManifest_Generation = YES;
				INFOPLIST_KEY_UIApplicationSupportsIndirectInputEvents = YES;
				INFOPLIST_KEY_UILaunchScreen_Generation = YES;
				INFOPLIST_KEY_UISupportedInterfaceOrientations_iPad = "UIInterfaceOrientationPortrait UIInterfaceOrientationPortraitUpsideDown UIInterfaceOrientationLandscapeLeft UIInterfaceOrientationLandscapeRight";
				INFOPLIST_KEY_UISupportedInterfaceOrientations_iPhone = "UIInterfaceOrientationPortrait UIInterfaceOrientationLandscapeLeft UIInterfaceOrientationLandscapeRight";
				LD_RUNPATH_SEARCH_PATHS = (
					"$(inherited)",
					"@executable_path/Frameworks",
				);
				MARKETING_VERSION = 1.0;
				PRODUCT_BUNDLE_IDENTIFIER = "example.com.quran-app";
				PRODUCT_NAME = "$(TARGET_NAME)";
				SWIFT_EMIT_LOC_STRINGS = YES;
				SWIFT_VERSION = 5.0;
				TARGETED_DEVICE_FAMILY = "1,2";
			};
			name = Release;
		};
/* End XCBuildConfiguration section */

/* Begin XCConfigurationList section */
		3E4728882B05DC5D009D7E0D /* Build configuration list for PBXProject "quran-app" */ = {
			isa = XCConfigurationList;
			buildConfigurations = (
				3E4728992B05DC5E009D7E0D /* Debug */,
				3E47289A2B05DC5E009D7E0D /* Release */,
			);
			defaultConfigurationIsVisible = 0;
			defaultConfigurationName = Release;
		};
		3E47289B2B05DC5E009D7E0D /* Build configuration list for PBXNativeTarget "quran-app" */ = {
			isa = XCConfigurationList;
			buildConfigurations = (
				3E47289C2B05DC5E009D7E0D /* Debug */,
				3E47289D2B05DC5E009D7E0D /* Release */,
			);
			defaultConfigurationIsVisible = 0;
			defaultConfigurationName = Release;
		};
/* End XCConfigurationList section */
	};
	rootObject = 3E4728852B05DC5D009D7E0D /* Project object */;
}
